
Microsoft Visual Studio Solution File, Format Version 12.00
# Visual Studio Version 17
VisualStudioVersion = 17.11.35208.52
MinimumVisualStudioVersion = 10.0.40219.1
Project("{FAE04EC0-301F-11D3-BF4B-00C04F79EFBC}") = "EJEMPLO_PERSONA_20253469", "EJEMPLO_PERSONA_20253469.csproj", "{3374A38D-9055-442A-87A1-0747199FB6EC}"
EndProject
Global
	GlobalSection(SolutionConfigurationPlatforms) = preSolution
		Debug|Any CPU = Debug|Any CPU
		Release|Any CPU = Release|Any CPU
	EndGlobalSection
	GlobalSection(ProjectConfigurationPlatforms) = postSolution
		{3374A38D-9055-442A-87A1-0747199FB6EC}.Debug|Any CPU.ActiveCfg = Debug|Any CPU
		{3374A38D-9055-442A-87A1-0747199FB6EC}.Debug|Any CPU.Build.0 = Debug|Any CPU
		{3374A38D-9055-442A-87A1-0747199FB6EC}.Release|Any CPU.ActiveCfg = Release|Any CPU
		{3374A38D-9055-442A-87A1-0747199FB6EC}.Release|Any CPU.Build.0 = Release|Any CPU
	EndGlobalSection
	GlobalSection(SolutionProperties) = preSolution
		HideSolutionNode = FALSE
	EndGlobalSection
	GlobalSection(ExtensibilityGlobals) = postSolution
		SolutionGuid = {2261FA43-6FB2-4152-80C8-176CD30F0C9E}
	EndGlobalSection
EndGlobal
