
Microsoft Visual Studio Solution File, Format Version 12.00
# Visual Studio Version 17
VisualStudioVersion = 17.11.35208.52
MinimumVisualStudioVersion = 10.0.40219.1
Project("{FAE04EC0-301F-11D3-BF4B-00C04F79EFBC}") = "VARIABLES_NAVAS", "VARIABLES_NAVAS.csproj", "{03C00BAF-7E63-458E-9B0C-2516D362BD43}"
EndProject
Global
	GlobalSection(SolutionConfigurationPlatforms) = preSolution
		Debug|Any CPU = Debug|Any CPU
		Release|Any CPU = Release|Any CPU
	EndGlobalSection
	GlobalSection(ProjectConfigurationPlatforms) = postSolution
		{03C00BAF-7E63-458E-9B0C-2516D362BD43}.Debug|Any CPU.ActiveCfg = Debug|Any CPU
		{03C00BAF-7E63-458E-9B0C-2516D362BD43}.Debug|Any CPU.Build.0 = Debug|Any CPU
		{03C00BAF-7E63-458E-9B0C-2516D362BD43}.Release|Any CPU.ActiveCfg = Release|Any CPU
		{03C00BAF-7E63-458E-9B0C-2516D362BD43}.Release|Any CPU.Build.0 = Release|Any CPU
	EndGlobalSection
	GlobalSection(SolutionProperties) = preSolution
		HideSolutionNode = FALSE
	EndGlobalSection
	GlobalSection(ExtensibilityGlobals) = postSolution
		SolutionGuid = {76B74112-45C1-4FA7-9E33-A34EA6B0CAB1}
	EndGlobalSection
EndGlobal
